// !$*UTF8*$!
{
	archiveVersion = 1;
	classes = {
	};
	objectVersion = 56;
	objects = {

/* Begin PBXBuildFile section */
		538C90D02C5F626E008E3543 /* WalkthroughMorphing.docc in Sources */ = {isa = PBXBuildFile; fileRef = 538C90CF2C5F626E008E3543 /* WalkthroughMorphing.docc */; };
		538C90D62C5F626E008E3543 /* WalkthroughMorphing.framework in Frameworks */ = {isa = PBXBuildFile; fileRef = 538C90CB2C5F626E008E3543 /* WalkthroughMorphing.framework */; };
		538C90DB2C5F626E008E3543 /* WalkthroughMorphingTests.swift in Sources */ = {isa = PBXBuildFile; fileRef = 538C90DA2C5F626E008E3543 /* WalkthroughMorphingTests.swift */; };
		538C90DC2C5F626E008E3543 /* WalkthroughMorphing.h in Headers */ = {isa = PBXBuildFile; fileRef = 538C90CE2C5F626E008E3543 /* WalkthroughMorphing.h */; settings = {ATTRIBUTES = (Public, ); }; };
		538C91072C5F6372008E3543 /* WalkthroughMorphingExampleApp.swift in Sources */ = {isa = PBXBuildFile; fileRef = 538C91062C5F6372008E3543 /* WalkthroughMorphingExampleApp.swift */; };
		538C91092C5F6372008E3543 /* ContentView.swift in Sources */ = {isa = PBXBuildFile; fileRef = 538C91082C5F6372008E3543 /* ContentView.swift */; };
		538C910B2C5F6373008E3543 /* Assets.xcassets in Resources */ = {isa = PBXBuildFile; fileRef = 538C910A2C5F6373008E3543 /* Assets.xcassets */; };
		538C910F2C5F6373008E3543 /* Preview Assets.xcassets in Resources */ = {isa = PBXBuildFile; fileRef = 538C910E2C5F6373008E3543 /* Preview Assets.xcassets */; };
/* End PBXBuildFile section */

/* Begin PBXContainerItemProxy section */
		538C90D72C5F626E008E3543 /* PBXContainerItemProxy */ = {
			isa = PBXContainerItemProxy;
			containerPortal = 538C90C22C5F626E008E3543 /* Project object */;
			proxyType = 1;
			remoteGlobalIDString = 538C90CA2C5F626E008E3543;
			remoteInfo = WalkthroughMorphing;
		};
/* End PBXContainerItemProxy section */

/* Begin PBXFileReference section */
		538C90CB2C5F626E008E3543 /* WalkthroughMorphing.framework */ = {isa = PBXFileReference; explicitFileType = wrapper.framework; includeInIndex = 0; path = WalkthroughMorphing.framework; sourceTree = BUILT_PRODUCTS_DIR; };
		538C90CE2C5F626E008E3543 /* WalkthroughMorphing.h */ = {isa = PBXFileReference; lastKnownFileType = sourcecode.c.h; path = WalkthroughMorphing.h; sourceTree = "<group>"; };
		538C90CF2C5F626E008E3543 /* WalkthroughMorphing.docc */ = {isa = PBXFileReference; lastKnownFileType = folder.documentationcatalog; path = WalkthroughMorphing.docc; sourceTree = "<group>"; };
		538C90D52C5F626E008E3543 /* WalkthroughMorphingTests.xctest */ = {isa = PBXFileReference; explicitFileType = wrapper.cfbundle; includeInIndex = 0; path = WalkthroughMorphingTests.xctest; sourceTree = BUILT_PRODUCTS_DIR; };
		538C90DA2C5F626E008E3543 /* WalkthroughMorphingTests.swift */ = {isa = PBXFileReference; lastKnownFileType = sourcecode.swift; path = WalkthroughMorphingTests.swift; sourceTree = "<group>"; };
		538C91042C5F6372008E3543 /* WalkthroughMorphingExample.app */ = {isa = PBXFileReference; explicitFileType = wrapper.application; includeInIndex = 0; path = WalkthroughMorphingExample.app; sourceTree = BUILT_PRODUCTS_DIR; };
		538C91062C5F6372008E3543 /* WalkthroughMorphingExampleApp.swift */ = {isa = PBXFileReference; lastKnownFileType = sourcecode.swift; path = WalkthroughMorphingExampleApp.swift; sourceTree = "<group>"; };
		538C91082C5F6372008E3543 /* ContentView.swift */ = {isa = PBXFileReference; lastKnownFileType = sourcecode.swift; path = ContentView.swift; sourceTree = "<group>"; };
		538C910A2C5F6373008E3543 /* Assets.xcassets */ = {isa = PBXFileReference; lastKnownFileType = folder.assetcatalog; path = Assets.xcassets; sourceTree = "<group>"; };
		538C910C2C5F6373008E3543 /* WalkthroughMorphingExample.entitlements */ = {isa = PBXFileReference; lastKnownFileType = text.plist.entitlements; path = WalkthroughMorphingExample.entitlements; sourceTree = "<group>"; };
		538C910E2C5F6373008E3543 /* Preview Assets.xcassets */ = {isa = PBXFileReference; lastKnownFileType = folder.assetcatalog; path = "Preview Assets.xcassets"; sourceTree = "<group>"; };
/* End PBXFileReference section */

/* Begin PBXFrameworksBuildPhase section */
		538C90C82C5F626E008E3543 /* Frameworks */ = {
			isa = PBXFrameworksBuildPhase;
			buildActionMask = 2147483647;
			files = (
			);
			runOnlyForDeploymentPostprocessing = 0;
		};
		538C90D22C5F626E008E3543 /* Frameworks */ = {
			isa = PBXFrameworksBuildPhase;
			buildActionMask = 2147483647;
			files = (
				538C90D62C5F626E008E3543 /* WalkthroughMorphing.framework in Frameworks */,
			);
			runOnlyForDeploymentPostprocessing = 0;
		};
		538C91012C5F6372008E3543 /* Frameworks */ = {
			isa = PBXFrameworksBuildPhase;
			buildActionMask = 2147483647;
			files = (
			);
			runOnlyForDeploymentPostprocessing = 0;
		};
/* End PBXFrameworksBuildPhase section */

/* Begin PBXGroup section */
		538C90C12C5F626E008E3543 = {
			isa = PBXGroup;
			children = (
				538C90CD2C5F626E008E3543 /* WalkthroughMorphing */,
				538C90D92C5F626E008E3543 /* WalkthroughMorphingTests */,
				538C91052C5F6372008E3543 /* WalkthroughMorphingExample */,
				538C90CC2C5F626E008E3543 /* Products */,
			);
			sourceTree = "<group>";
		};
		538C90CC2C5F626E008E3543 /* Products */ = {
			isa = PBXGroup;
			children = (
				538C90CB2C5F626E008E3543 /* WalkthroughMorphing.framework */,
				538C90D52C5F626E008E3543 /* WalkthroughMorphingTests.xctest */,
				538C91042C5F6372008E3543 /* WalkthroughMorphingExample.app */,
			);
			name = Products;
			sourceTree = "<group>";
		};
		538C90CD2C5F626E008E3543 /* WalkthroughMorphing */ = {
			isa = PBXGroup;
			children = (
				538C90CE2C5F626E008E3543 /* WalkthroughMorphing.h */,
				538C90CF2C5F626E008E3543 /* WalkthroughMorphing.docc */,
			);
			path = WalkthroughMorphing;
			sourceTree = "<group>";
		};
		538C90D92C5F626E008E3543 /* WalkthroughMorphingTests */ = {
			isa = PBXGroup;
			children = (
				538C90DA2C5F626E008E3543 /* WalkthroughMorphingTests.swift */,
			);
			path = WalkthroughMorphingTests;
			sourceTree = "<group>";
		};
		538C91052C5F6372008E3543 /* WalkthroughMorphingExample */ = {
			isa = PBXGroup;
			children = (
				538C91062C5F6372008E3543 /* WalkthroughMorphingExampleApp.swift */,
				538C91082C5F6372008E3543 /* ContentView.swift */,
				538C910A2C5F6373008E3543 /* Assets.xcassets */,
				538C910C2C5F6373008E3543 /* WalkthroughMorphingExample.entitlements */,
				538C910D2C5F6373008E3543 /* Preview Content */,
			);
			path = WalkthroughMorphingExample;
			sourceTree = "<group>";
		};
		538C910D2C5F6373008E3543 /* Preview Content */ = {
			isa = PBXGroup;
			children = (
				538C910E2C5F6373008E3543 /* Preview Assets.xcassets */,
			);
			path = "Preview Content";
			sourceTree = "<group>";
		};
/* End PBXGroup section */

/* Begin PBXHeadersBuildPhase section */
		538C90C62C5F626E008E3543 /* Headers */ = {
			isa = PBXHeadersBuildPhase;
			buildActionMask = 2147483647;
			files = (
				538C90DC2C5F626E008E3543 /* WalkthroughMorphing.h in Headers */,
			);
			runOnlyForDeploymentPostprocessing = 0;
		};
/* End PBXHeadersBuildPhase section */

/* Begin PBXNativeTarget section */
		538C90CA2C5F626E008E3543 /* WalkthroughMorphing */ = {
			isa = PBXNativeTarget;
			buildConfigurationList = 538C90DF2C5F626E008E3543 /* Build configuration list for PBXNativeTarget "WalkthroughMorphing" */;
			buildPhases = (
				538C90C62C5F626E008E3543 /* Headers */,
				538C90C72C5F626E008E3543 /* Sources */,
				538C90C82C5F626E008E3543 /* Frameworks */,
				538C90C92C5F626E008E3543 /* Resources */,
			);
			buildRules = (
			);
			dependencies = (
			);
			name = WalkthroughMorphing;
			productName = WalkthroughMorphing;
			productReference = 538C90CB2C5F626E008E3543 /* WalkthroughMorphing.framework */;
			productType = "com.apple.product-type.framework";
		};
		538C90D42C5F626E008E3543 /* WalkthroughMorphingTests */ = {
			isa = PBXNativeTarget;
			buildConfigurationList = 538C90E22C5F626E008E3543 /* Build configuration list for PBXNativeTarget "WalkthroughMorphingTests" */;
			buildPhases = (
				538C90D12C5F626E008E3543 /* Sources */,
				538C90D22C5F626E008E3543 /* Frameworks */,
				538C90D32C5F626E008E3543 /* Resources */,
			);
			buildRules = (
			);
			dependencies = (
				538C90D82C5F626E008E3543 /* PBXTargetDependency */,
			);
			name = WalkthroughMorphingTests;
			productName = WalkthroughMorphingTests;
			productReference = 538C90D52C5F626E008E3543 /* WalkthroughMorphingTests.xctest */;
			productType = "com.apple.product-type.bundle.unit-test";
		};
		538C91032C5F6372008E3543 /* WalkthroughMorphingExample */ = {
			isa = PBXNativeTarget;
			buildConfigurationList = 538C91102C5F6373008E3543 /* Build configuration list for PBXNativeTarget "WalkthroughMorphingExample" */;
			buildPhases = (
				538C91002C5F6372008E3543 /* Sources */,
				538C91012C5F6372008E3543 /* Frameworks */,
				538C91022C5F6372008E3543 /* Resources */,
			);
			buildRules = (
			);
			dependencies = (
			);
			name = WalkthroughMorphingExample;
			productName = WalkthroughMorphingExample;
			productReference = 538C91042C5F6372008E3543 /* WalkthroughMorphingExample.app */;
			productType = "com.apple.product-type.application";
		};
/* End PBXNativeTarget section */

/* Begin PBXProject section */
		538C90C22C5F626E008E3543 /* Project object */ = {
			isa = PBXProject;
			attributes = {
				BuildIndependentTargetsInParallel = 1;
				LastSwiftUpdateCheck = 1540;
				LastUpgradeCheck = 1540;
				TargetAttributes = {
					538C90CA2C5F626E008E3543 = {
						CreatedOnToolsVersion = 15.4;
					};
					538C90D42C5F626E008E3543 = {
						CreatedOnToolsVersion = 15.4;
					};
					538C91032C5F6372008E3543 = {
						CreatedOnToolsVersion = 15.4;
					};
				};
			};
			buildConfigurationList = 538C90C52C5F626E008E3543 /* Build configuration list for PBXProject "WalkthroughMorphing" */;
			compatibilityVersion = "Xcode 14.0";
			developmentRegion = en;
			hasScannedForEncodings = 0;
			knownRegions = (
				en,
				Base,
			);
			mainGroup = 538C90C12C5F626E008E3543;
			productRefGroup = 538C90CC2C5F626E008E3543 /* Products */;
			projectDirPath = "";
			projectRoot = "";
			targets = (
				538C90CA2C5F626E008E3543 /* WalkthroughMorphing */,
				538C90D42C5F626E008E3543 /* WalkthroughMorphingTests */,
				538C91032C5F6372008E3543 /* WalkthroughMorphingExample */,
			);
		};
/* End PBXProject section */

/* Begin PBXResourcesBuildPhase section */
		538C90C92C5F626E008E3543 /* Resources */ = {
			isa = PBXResourcesBuildPhase;
			buildActionMask = 2147483647;
			files = (
			);
			runOnlyForDeploymentPostprocessing = 0;
		};
		538C90D32C5F626E008E3543 /* Resources */ = {
			isa = PBXResourcesBuildPhase;
			buildActionMask = 2147483647;
			files = (
			);
			runOnlyForDeploymentPostprocessing = 0;
		};
		538C91022C5F6372008E3543 /* Resources */ = {
			isa = PBXResourcesBuildPhase;
			buildActionMask = 2147483647;
			files = (
				538C910F2C5F6373008E3543 /* Preview Assets.xcassets in Resources */,
				538C910B2C5F6373008E3543 /* Assets.xcassets in Resources */,
			);
			runOnlyForDeploymentPostprocessing = 0;
		};
/* End PBXResourcesBuildPhase section */

/* Begin PBXSourcesBuildPhase section */
		538C90C72C5F626E008E3543 /* Sources */ = {
			isa = PBXSourcesBuildPhase;
			buildActionMask = 2147483647;
			files = (
				538C90D02C5F626E008E3543 /* WalkthroughMorphing.docc in Sources */,
			);
			runOnlyForDeploymentPostprocessing = 0;
		};
		538C90D12C5F626E008E3543 /* Sources */ = {
			isa = PBXSourcesBuildPhase;
			buildActionMask = 2147483647;
			files = (
				538C90DB2C5F626E008E3543 /* WalkthroughMorphingTests.swift in Sources */,
			);
			runOnlyForDeploymentPostprocessing = 0;
		};
		538C91002C5F6372008E3543 /* Sources */ = {
			isa = PBXSourcesBuildPhase;
			buildActionMask = 2147483647;
			files = (
				538C91092C5F6372008E3543 /* ContentView.swift in Sources */,
				538C91072C5F6372008E3543 /* WalkthroughMorphingExampleApp.swift in Sources */,
			);
			runOnlyForDeploymentPostprocessing = 0;
		};
/* End PBXSourcesBuildPhase section */

/* Begin PBXTargetDependency section */
		538C90D82C5F626E008E3543 /* PBXTargetDependency */ = {
			isa = PBXTargetDependency;
			target = 538C90CA2C5F626E008E3543 /* WalkthroughMorphing */;
			targetProxy = 538C90D72C5F626E008E3543 /* PBXContainerItemProxy */;
		};
/* End PBXTargetDependency section */

/* Begin XCBuildConfiguration section */
		538C90DD2C5F626E008E3543 /* Debug */ = {
			isa = XCBuildConfiguration;
			buildSettings = {
				ALWAYS_SEARCH_USER_PATHS = NO;
				ASSETCATALOG_COMPILER_GENERATE_SWIFT_ASSET_SYMBOL_EXTENSIONS = YES;
				CLANG_ANALYZER_NONNULL = YES;
				CLANG_ANALYZER_NUMBER_OBJECT_CONVERSION = YES_AGGRESSIVE;
				CLANG_CXX_LANGUAGE_STANDARD = "gnu++20";
				CLANG_ENABLE_MODULES = YES;
				CLANG_ENABLE_OBJC_ARC = YES;
				CLANG_ENABLE_OBJC_WEAK = YES;
				CLANG_WARN_BLOCK_CAPTURE_AUTORELEASING = YES;
				CLANG_WARN_BOOL_CONVERSION = YES;
				CLANG_WARN_COMMA = YES;
				CLANG_WARN_CONSTANT_CONVERSION = YES;
				CLANG_WARN_DEPRECATED_OBJC_IMPLEMENTATIONS = YES;
				CLANG_WARN_DIRECT_OBJC_ISA_USAGE = YES_ERROR;
				CLANG_WARN_DOCUMENTATION_COMMENTS = YES;
				CLANG_WARN_EMPTY_BODY = YES;
				CLANG_WARN_ENUM_CONVERSION = YES;
				CLANG_WARN_INFINITE_RECURSION = YES;
				CLANG_WARN_INT_CONVERSION = YES;
				CLANG_WARN_NON_LITERAL_NULL_CONVERSION = YES;
				CLANG_WARN_OBJC_IMPLICIT_RETAIN_SELF = YES;
				CLANG_WARN_OBJC_LITERAL_CONVERSION = YES;
				CLANG_WARN_OBJC_ROOT_CLASS = YES_ERROR;
				CLANG_WARN_QUOTED_INCLUDE_IN_FRAMEWORK_HEADER = YES;
				CLANG_WARN_RANGE_LOOP_ANALYSIS = YES;
				CLANG_WARN_STRICT_PROTOTYPES = YES;
				CLANG_WARN_SUSPICIOUS_MOVE = YES;
				CLANG_WARN_UNGUARDED_AVAILABILITY = YES_AGGRESSIVE;
				CLANG_WARN_UNREACHABLE_CODE = YES;
				CLANG_WARN__DUPLICATE_METHOD_MATCH = YES;
				COPY_PHASE_STRIP = NO;
				CURRENT_PROJECT_VERSION = 1;
				DEBUG_INFORMATION_FORMAT = dwarf;
				ENABLE_STRICT_OBJC_MSGSEND = YES;
				ENABLE_TESTABILITY = YES;
				ENABLE_USER_SCRIPT_SANDBOXING = YES;
				GCC_C_LANGUAGE_STANDARD = gnu17;
				GCC_DYNAMIC_NO_PIC = NO;
				GCC_NO_COMMON_BLOCKS = YES;
				GCC_OPTIMIZATION_LEVEL = 0;
				GCC_PREPROCESSOR_DEFINITIONS = (
					"DEBUG=1",
					"$(inherited)",
				);
				GCC_WARN_64_TO_32_BIT_CONVERSION = YES;
				GCC_WARN_ABOUT_RETURN_TYPE = YES_ERROR;
				GCC_WARN_UNDECLARED_SELECTOR = YES;
				GCC_WARN_UNINITIALIZED_AUTOS = YES_AGGRESSIVE;
				GCC_WARN_UNUSED_FUNCTION = YES;
				GCC_WARN_UNUSED_VARIABLE = YES;
				LOCALIZATION_PREFERS_STRING_CATALOGS = YES;
				MTL_ENABLE_DEBUG_INFO = INCLUDE_SOURCE;
				MTL_FAST_MATH = YES;
				ONLY_ACTIVE_ARCH = YES;
				SWIFT_ACTIVE_COMPILATION_CONDITIONS = "DEBUG $(inherited)";
				SWIFT_OPTIMIZATION_LEVEL = "-Onone";
				VERSIONING_SYSTEM = "apple-generic";
				VERSION_INFO_PREFIX = "";
			};
			name = Debug;
		};
		538C90DE2C5F626E008E3543 /* Release */ = {
			isa = XCBuildConfiguration;
			buildSettings = {
				ALWAYS_SEARCH_USER_PATHS = NO;
				ASSETCATALOG_COMPILER_GENERATE_SWIFT_ASSET_SYMBOL_EXTENSIONS = YES;
				CLANG_ANALYZER_NONNULL = YES;
				CLANG_ANALYZER_NUMBER_OBJECT_CONVERSION = YES_AGGRESSIVE;
				CLANG_CXX_LANGUAGE_STANDARD = "gnu++20";
				CLANG_ENABLE_MODULES = YES;
				CLANG_ENABLE_OBJC_ARC = YES;
				CLANG_ENABLE_OBJC_WEAK = YES;
				CLANG_WARN_BLOCK_CAPTURE_AUTORELEASING = YES;
				CLANG_WARN_BOOL_CONVERSION = YES;
				CLANG_WARN_COMMA = YES;
				CLANG_WARN_CONSTANT_CONVERSION = YES;
				CLANG_WARN_DEPRECATED_OBJC_IMPLEMENTATIONS = YES;
				CLANG_WARN_DIRECT_OBJC_ISA_USAGE = YES_ERROR;
				CLANG_WARN_DOCUMENTATION_COMMENTS = YES;
				CLANG_WARN_EMPTY_BODY = YES;
				CLANG_WARN_ENUM_CONVERSION = YES;
				CLANG_WARN_INFINITE_RECURSION = YES;
				CLANG_WARN_INT_CONVERSION = YES;
				CLANG_WARN_NON_LITERAL_NULL_CONVERSION = YES;
				CLANG_WARN_OBJC_IMPLICIT_RETAIN_SELF = YES;
				CLANG_WARN_OBJC_LITERAL_CONVERSION = YES;
				CLANG_WARN_OBJC_ROOT_CLASS = YES_ERROR;
				CLANG_WARN_QUOTED_INCLUDE_IN_FRAMEWORK_HEADER = YES;
				CLANG_WARN_RANGE_LOOP_ANALYSIS = YES;
				CLANG_WARN_STRICT_PROTOTYPES = YES;
				CLANG_WARN_SUSPICIOUS_MOVE = YES;
				CLANG_WARN_UNGUARDED_AVAILABILITY = YES_AGGRESSIVE;
				CLANG_WARN_UNREACHABLE_CODE = YES;
				CLANG_WARN__DUPLICATE_METHOD_MATCH = YES;
				COPY_PHASE_STRIP = NO;
				CURRENT_PROJECT_VERSION = 1;
				DEBUG_INFORMATION_FORMAT = "dwarf-with-dsym";
				ENABLE_NS_ASSERTIONS = NO;
				ENABLE_STRICT_OBJC_MSGSEND = YES;
				ENABLE_USER_SCRIPT_SANDBOXING = YES;
				GCC_C_LANGUAGE_STANDARD = gnu17;
				GCC_NO_COMMON_BLOCKS = YES;
				GCC_WARN_64_TO_32_BIT_CONVERSION = YES;
				GCC_WARN_ABOUT_RETURN_TYPE = YES_ERROR;
				GCC_WARN_UNDECLARED_SELECTOR = YES;
				GCC_WARN_UNINITIALIZED_AUTOS = YES_AGGRESSIVE;
				GCC_WARN_UNUSED_FUNCTION = YES;
				GCC_WARN_UNUSED_VARIABLE = YES;
				LOCALIZATION_PREFERS_STRING_CATALOGS = YES;
				MTL_ENABLE_DEBUG_INFO = NO;
				MTL_FAST_MATH = YES;
				SWIFT_COMPILATION_MODE = wholemodule;
				VERSIONING_SYSTEM = "apple-generic";
				VERSION_INFO_PREFIX = "";
			};
			name = Release;
		};
		538C90E02C5F626E008E3543 /* Debug */ = {
			isa = XCBuildConfiguration;
			buildSettings = {
				ALLOW_TARGET_PLATFORM_SPECIALIZATION = YES;
				BUILD_LIBRARY_FOR_DISTRIBUTION = YES;
				CODE_SIGN_STYLE = Automatic;
				CURRENT_PROJECT_VERSION = 1;
				DEFINES_MODULE = YES;
				DYLIB_COMPATIBILITY_VERSION = 1;
				DYLIB_CURRENT_VERSION = 1;
				DYLIB_INSTALL_NAME_BASE = "@rpath";
				ENABLE_MODULE_VERIFIER = YES;
				GENERATE_INFOPLIST_FILE = YES;
				INFOPLIST_KEY_NSHumanReadableCopyright = "";
				INSTALL_PATH = "$(LOCAL_LIBRARY_DIR)/Frameworks";
				IPHONEOS_DEPLOYMENT_TARGET = 17.5;
				LD_RUNPATH_SEARCH_PATHS = (
					"@executable_path/Frameworks",
					"@loader_path/Frameworks",
				);
				"LD_RUNPATH_SEARCH_PATHS[sdk=macosx*]" = (
					"@executable_path/../Frameworks",
					"@loader_path/Frameworks",
				);
				MACOSX_DEPLOYMENT_TARGET = 14.2;
				MARKETING_VERSION = 1.0;
				MODULE_VERIFIER_SUPPORTED_LANGUAGES = "objective-c objective-c++";
				MODULE_VERIFIER_SUPPORTED_LANGUAGE_STANDARDS = "gnu17 gnu++20";
				PRODUCT_BUNDLE_IDENTIFIER = com.duong.wabisabi.WalkthroughMorphing;
				PRODUCT_NAME = "$(TARGET_NAME:c99extidentifier)";
				SDKROOT = auto;
				SKIP_INSTALL = YES;
				SUPPORTED_PLATFORMS = "iphoneos iphonesimulator macosx";
				SUPPORTS_MACCATALYST = NO;
				SWIFT_EMIT_LOC_STRINGS = YES;
				SWIFT_INSTALL_OBJC_HEADER = NO;
				SWIFT_VERSION = 5.0;
				TARGETED_DEVICE_FAMILY = "1,2";
			};
			name = Debug;
		};
		538C90E12C5F626E008E3543 /* Release */ = {
			isa = XCBuildConfiguration;
			buildSettings = {
				ALLOW_TARGET_PLATFORM_SPECIALIZATION = YES;
				BUILD_LIBRARY_FOR_DISTRIBUTION = YES;
				CODE_SIGN_STYLE = Automatic;
				CURRENT_PROJECT_VERSION = 1;
				DEFINES_MODULE = YES;
				DYLIB_COMPATIBILITY_VERSION = 1;
				DYLIB_CURRENT_VERSION = 1;
				DYLIB_INSTALL_NAME_BASE = "@rpath";
				ENABLE_MODULE_VERIFIER = YES;
				GENERATE_INFOPLIST_FILE = YES;
				INFOPLIST_KEY_NSHumanReadableCopyright = "";
				INSTALL_PATH = "$(LOCAL_LIBRARY_DIR)/Frameworks";
				IPHONEOS_DEPLOYMENT_TARGET = 17.5;
				LD_RUNPATH_SEARCH_PATHS = (
					"@executable_path/Frameworks",
					"@loader_path/Frameworks",
				);
				"LD_RUNPATH_SEARCH_PATHS[sdk=macosx*]" = (
					"@executable_path/../Frameworks",
					"@loader_path/Frameworks",
				);
				MACOSX_DEPLOYMENT_TARGET = 14.2;
				MARKETING_VERSION = 1.0;
				MODULE_VERIFIER_SUPPORTED_LANGUAGES = "objective-c objective-c++";
				MODULE_VERIFIER_SUPPORTED_LANGUAGE_STANDARDS = "gnu17 gnu++20";
				PRODUCT_BUNDLE_IDENTIFIER = com.duong.wabisabi.WalkthroughMorphing;
				PRODUCT_NAME = "$(TARGET_NAME:c99extidentifier)";
				SDKROOT = auto;
				SKIP_INSTALL = YES;
				SUPPORTED_PLATFORMS = "iphoneos iphonesimulator macosx";
				SUPPORTS_MACCATALYST = NO;
				SWIFT_EMIT_LOC_STRINGS = YES;
				SWIFT_INSTALL_OBJC_HEADER = NO;
				SWIFT_VERSION = 5.0;
				TARGETED_DEVICE_FAMILY = "1,2";
			};
			name = Release;
		};
		538C90E32C5F626E008E3543 /* Debug */ = {
			isa = XCBuildConfiguration;
			buildSettings = {
				ALLOW_TARGET_PLATFORM_SPECIALIZATION = YES;
				CODE_SIGN_STYLE = Automatic;
				CURRENT_PROJECT_VERSION = 1;
				GENERATE_INFOPLIST_FILE = YES;
				IPHONEOS_DEPLOYMENT_TARGET = 17.5;
				MACOSX_DEPLOYMENT_TARGET = 14.2;
				MARKETING_VERSION = 1.0;
				PRODUCT_BUNDLE_IDENTIFIER = com.duong.wabisabi.WalkthroughMorphingTests;
				PRODUCT_NAME = "$(TARGET_NAME)";
				SDKROOT = auto;
				SUPPORTED_PLATFORMS = "iphoneos iphonesimulator macosx";
				SWIFT_EMIT_LOC_STRINGS = NO;
				SWIFT_VERSION = 5.0;
				TARGETED_DEVICE_FAMILY = "1,2";
			};
			name = Debug;
		};
		538C90E42C5F626E008E3543 /* Release */ = {
			isa = XCBuildConfiguration;
			buildSettings = {
				ALLOW_TARGET_PLATFORM_SPECIALIZATION = YES;
				CODE_SIGN_STYLE = Automatic;
				CURRENT_PROJECT_VERSION = 1;
				GENERATE_INFOPLIST_FILE = YES;
				IPHONEOS_DEPLOYMENT_TARGET = 17.5;
				MACOSX_DEPLOYMENT_TARGET = 14.2;
				MARKETING_VERSION = 1.0;
				PRODUCT_BUNDLE_IDENTIFIER = com.duong.wabisabi.WalkthroughMorphingTests;
				PRODUCT_NAME = "$(TARGET_NAME)";
				SDKROOT = auto;
				SUPPORTED_PLATFORMS = "iphoneos iphonesimulator macosx";
				SWIFT_EMIT_LOC_STRINGS = NO;
				SWIFT_VERSION = 5.0;
				TARGETED_DEVICE_FAMILY = "1,2";
			};
			name = Release;
		};
		538C91112C5F6373008E3543 /* Debug */ = {
			isa = XCBuildConfiguration;
			buildSettings = {
				ASSETCATALOG_COMPILER_APPICON_NAME = AppIcon;
				ASSETCATALOG_COMPILER_GLOBAL_ACCENT_COLOR_NAME = AccentColor;
				CODE_SIGN_ENTITLEMENTS = WalkthroughMorphingExample/WalkthroughMorphingExample.entitlements;
				CODE_SIGN_STYLE = Automatic;
				CURRENT_PROJECT_VERSION = 1;
				DEVELOPMENT_ASSET_PATHS = "\"WalkthroughMorphingExample/Preview Content\"";
				ENABLE_PREVIEWS = YES;
				GENERATE_INFOPLIST_FILE = YES;
				"INFOPLIST_KEY_UIApplicationSceneManifest_Generation[sdk=iphoneos*]" = YES;
				"INFOPLIST_KEY_UIApplicationSceneManifest_Generation[sdk=iphonesimulator*]" = YES;
				"INFOPLIST_KEY_UIApplicationSupportsIndirectInputEvents[sdk=iphoneos*]" = YES;
				"INFOPLIST_KEY_UIApplicationSupportsIndirectInputEvents[sdk=iphonesimulator*]" = YES;
				"INFOPLIST_KEY_UILaunchScreen_Generation[sdk=iphoneos*]" = YES;
				"INFOPLIST_KEY_UILaunchScreen_Generation[sdk=iphonesimulator*]" = YES;
				"INFOPLIST_KEY_UIStatusBarStyle[sdk=iphoneos*]" = UIStatusBarStyleDefault;
				"INFOPLIST_KEY_UIStatusBarStyle[sdk=iphonesimulator*]" = UIStatusBarStyleDefault;
				INFOPLIST_KEY_UISupportedInterfaceOrientations_iPad = "UIInterfaceOrientationPortrait UIInterfaceOrientationPortraitUpsideDown UIInterfaceOrientationLandscapeLeft UIInterfaceOrientationLandscapeRight";
				INFOPLIST_KEY_UISupportedInterfaceOrientations_iPhone = "UIInterfaceOrientationPortrait UIInterfaceOrientationLandscapeLeft UIInterfaceOrientationLandscapeRight";
				IPHONEOS_DEPLOYMENT_TARGET = 17.5;
				LD_RUNPATH_SEARCH_PATHS = "@executable_path/Frameworks";
				"LD_RUNPATH_SEARCH_PATHS[sdk=macosx*]" = "@executable_path/../Frameworks";
				MACOSX_DEPLOYMENT_TARGET = 14.2;
				MARKETING_VERSION = 1.0;
				PRODUCT_BUNDLE_IDENTIFIER = com.duong.wabisabi.WalkthroughMorphingExample;
				PRODUCT_NAME = "$(TARGET_NAME)";
				SDKROOT = auto;
				SUPPORTED_PLATFORMS = "iphoneos iphonesimulator macosx";
				SWIFT_EMIT_LOC_STRINGS = YES;
				SWIFT_VERSION = 5.0;
				TARGETED_DEVICE_FAMILY = "1,2";
			};
			name = Debug;
		};
		538C91122C5F6373008E3543 /* Release */ = {
			isa = XCBuildConfiguration;
			buildSettings = {
				ASSETCATALOG_COMPILER_APPICON_NAME = AppIcon;
				ASSETCATALOG_COMPILER_GLOBAL_ACCENT_COLOR_NAME = AccentColor;
				CODE_SIGN_ENTITLEMENTS = WalkthroughMorphingExample/WalkthroughMorphingExample.entitlements;
				CODE_SIGN_STYLE = Automatic;
				CURRENT_PROJECT_VERSION = 1;
				DEVELOPMENT_ASSET_PATHS = "\"WalkthroughMorphingExample/Preview Content\"";
				ENABLE_PREVIEWS = YES;
				GENERATE_INFOPLIST_FILE = YES;
				"INFOPLIST_KEY_UIApplicationSceneManifest_Generation[sdk=iphoneos*]" = YES;
				"INFOPLIST_KEY_UIApplicationSceneManifest_Generation[sdk=iphonesimulator*]" = YES;
				"INFOPLIST_KEY_UIApplicationSupportsIndirectInputEvents[sdk=iphoneos*]" = YES;
				"INFOPLIST_KEY_UIApplicationSupportsIndirectInputEvents[sdk=iphonesimulator*]" = YES;
				"INFOPLIST_KEY_UILaunchScreen_Generation[sdk=iphoneos*]" = YES;
				"INFOPLIST_KEY_UILaunchScreen_Generation[sdk=iphonesimulator*]" = YES;
				"INFOPLIST_KEY_UIStatusBarStyle[sdk=iphoneos*]" = UIStatusBarStyleDefault;
				"INFOPLIST_KEY_UIStatusBarStyle[sdk=iphonesimulator*]" = UIStatusBarStyleDefault;
				INFOPLIST_KEY_UISupportedInterfaceOrientations_iPad = "UIInterfaceOrientationPortrait UIInterfaceOrientationPortraitUpsideDown UIInterfaceOrientationLandscapeLeft UIInterfaceOrientationLandscapeRight";
				INFOPLIST_KEY_UISupportedInterfaceOrientations_iPhone = "UIInterfaceOrientationPortrait UIInterfaceOrientationLandscapeLeft UIInterfaceOrientationLandscapeRight";
				IPHONEOS_DEPLOYMENT_TARGET = 17.5;
				LD_RUNPATH_SEARCH_PATHS = "@executable_path/Frameworks";
				"LD_RUNPATH_SEARCH_PATHS[sdk=macosx*]" = "@executable_path/../Frameworks";
				MACOSX_DEPLOYMENT_TARGET = 14.2;
				MARKETING_VERSION = 1.0;
				PRODUCT_BUNDLE_IDENTIFIER = com.duong.wabisabi.WalkthroughMorphingExample;
				PRODUCT_NAME = "$(TARGET_NAME)";
				SDKROOT = auto;
				SUPPORTED_PLATFORMS = "iphoneos iphonesimulator macosx";
				SWIFT_EMIT_LOC_STRINGS = YES;
				SWIFT_VERSION = 5.0;
				TARGETED_DEVICE_FAMILY = "1,2";
			};
			name = Release;
		};
/* End XCBuildConfiguration section */

/* Begin XCConfigurationList section */
		538C90C52C5F626E008E3543 /* Build configuration list for PBXProject "WalkthroughMorphing" */ = {
			isa = XCConfigurationList;
			buildConfigurations = (
				538C90DD2C5F626E008E3543 /* Debug */,
				538C90DE2C5F626E008E3543 /* Release */,
			);
			defaultConfigurationIsVisible = 0;
			defaultConfigurationName = Release;
		};
		538C90DF2C5F626E008E3543 /* Build configuration list for PBXNativeTarget "WalkthroughMorphing" */ = {
			isa = XCConfigurationList;
			buildConfigurations = (
				538C90E02C5F626E008E3543 /* Debug */,
				538C90E12C5F626E008E3543 /* Release */,
			);
			defaultConfigurationIsVisible = 0;
			defaultConfigurationName = Release;
		};
		538C90E22C5F626E008E3543 /* Build configuration list for PBXNativeTarget "WalkthroughMorphingTests" */ = {
			isa = XCConfigurationList;
			buildConfigurations = (
				538C90E32C5F626E008E3543 /* Debug */,
				538C90E42C5F626E008E3543 /* Release */,
			);
			defaultConfigurationIsVisible = 0;
			defaultConfigurationName = Release;
		};
		538C91102C5F6373008E3543 /* Build configuration list for PBXNativeTarget "WalkthroughMorphingExample" */ = {
			isa = XCConfigurationList;
			buildConfigurations = (
				538C91112C5F6373008E3543 /* Debug */,
				538C91122C5F6373008E3543 /* Release */,
			);
			defaultConfigurationIsVisible = 0;
			defaultConfigurationName = Release;
		};
/* End XCConfigurationList section */
	};
	rootObject = 538C90C22C5F626E008E3543 /* Project object */;
}
